{
    "_meta": {
        "hash": {
            "sha256": "2d4f0875fb2ad661eec481cb8cf68f747198dc2dfbef40123d8ab2a492bcfd46"
        },
        "pipfile-spec": 6,
        "requires": {
            "python_version": "3.6"
        },
        "sources": [
            {
                "name": "pypi",
                "url": "https://pypi.org/simple",
                "verify_ssl": true
            }
        ]
    },
    "default": {
        "mtgsdk": {
            "hashes": [
                "sha256:3e7d2a6b5f49cbf75e0b4cbaf0424ac6130cab1d994f873ea4d186fa2e645b39"
            ],
            "index": "pypi",
            "version": "==1.3.1"
        }
    },
    "develop": {}
}
